// !$*UTF8*$!
{
	archiveVersion = 1;
	classes = {
	};
	objectVersion = 55;
	objects = {

/* Begin PBXBuildFile section */
		78230620282EACE200271289 /* AppDelegate.swift in Sources */ = {isa = PBXBuildFile; fileRef = 7823061F282EACE200271289 /* AppDelegate.swift */; };
		78230622282EACE200271289 /* SceneDelegate.swift in Sources */ = {isa = PBXBuildFile; fileRef = 78230621282EACE200271289 /* SceneDelegate.swift */; };
		78230624282EACE300271289 /* TaskListViewController.swift in Sources */ = {isa = PBXBuildFile; fileRef = 78230623282EACE200271289 /* TaskListViewController.swift */; };
		78230627282EACE300271289 /* Main.storyboard in Resources */ = {isa = PBXBuildFile; fileRef = 78230625282EACE300271289 /* Main.storyboard */; };
		7823062A282EACE300271289 /* Tasks_CoreData.xcdatamodeld in Sources */ = {isa = PBXBuildFile; fileRef = 78230628282EACE300271289 /* Tasks_CoreData.xcdatamodeld */; };
		7823062C282EACE500271289 /* Assets.xcassets in Resources */ = {isa = PBXBuildFile; fileRef = 7823062B282EACE500271289 /* Assets.xcassets */; };
		7823062F282EACE500271289 /* LaunchScreen.storyboard in Resources */ = {isa = PBXBuildFile; fileRef = 7823062D282EACE500271289 /* LaunchScreen.storyboard */; };
		7823063D282EB17400271289 /* TaskList+convenience.swift in Sources */ = {isa = PBXBuildFile; fileRef = 7823063C282EB17400271289 /* TaskList+convenience.swift */; };
		7823063F282EB18C00271289 /* Task+convenience.swift in Sources */ = {isa = PBXBuildFile; fileRef = 7823063E282EB18C00271289 /* Task+convenience.swift */; };
		78230641282EB20E00271289 /* CoreDataStack.swift in Sources */ = {isa = PBXBuildFile; fileRef = 78230640282EB20E00271289 /* CoreDataStack.swift */; };
		78230643282EB50D00271289 /* TaskListModelController.swift in Sources */ = {isa = PBXBuildFile; fileRef = 78230642282EB50D00271289 /* TaskListModelController.swift */; };
		78230645282EB7B800271289 /* TaskModelController.swift in Sources */ = {isa = PBXBuildFile; fileRef = 78230644282EB7B800271289 /* TaskModelController.swift */; };
		782306482831AC4700271289 /* TaksListTableViewCell.swift in Sources */ = {isa = PBXBuildFile; fileRef = 782306462831AC4700271289 /* TaksListTableViewCell.swift */; };
		782306492831AC4700271289 /* TaksListTableViewCell.xib in Resources */ = {isa = PBXBuildFile; fileRef = 782306472831AC4700271289 /* TaksListTableViewCell.xib */; };
		7823064D2831C29B00271289 /* ColorSelectorView.swift in Sources */ = {isa = PBXBuildFile; fileRef = 7823064C2831C29B00271289 /* ColorSelectorView.swift */; };
		782306502831C4CD00271289 /* UIViewExtension.swift in Sources */ = {isa = PBXBuildFile; fileRef = 7823064F2831C4CD00271289 /* UIViewExtension.swift */; };
		7823065228333E1200271289 /* StringConstants.swift in Sources */ = {isa = PBXBuildFile; fileRef = 7823065128333E1200271289 /* StringConstants.swift */; };
		7823065428347DB300271289 /* IconSelectorView.swift in Sources */ = {isa = PBXBuildFile; fileRef = 7823065328347DB300271289 /* IconSelectorView.swift */; };
		782306562834831F00271289 /* ListDetailsViewController.swift in Sources */ = {isa = PBXBuildFile; fileRef = 782306552834831E00271289 /* ListDetailsViewController.swift */; };
		782306582835CADB00271289 /* UIColorExtension.swift in Sources */ = {isa = PBXBuildFile; fileRef = 782306572835CADB00271289 /* UIColorExtension.swift */; };
/* End PBXBuildFile section */

/* Begin PBXFileReference section */
		7823061C282EACE200271289 /* Tasks-CoreData.app */ = {isa = PBXFileReference; explicitFileType = wrapper.application; includeInIndex = 0; path = "Tasks-CoreData.app"; sourceTree = BUILT_PRODUCTS_DIR; };
		7823061F282EACE200271289 /* AppDelegate.swift */ = {isa = PBXFileReference; lastKnownFileType = sourcecode.swift; path = AppDelegate.swift; sourceTree = "<group>"; };
		78230621282EACE200271289 /* SceneDelegate.swift */ = {isa = PBXFileReference; lastKnownFileType = sourcecode.swift; path = SceneDelegate.swift; sourceTree = "<group>"; };
		78230623282EACE200271289 /* TaskListViewController.swift */ = {isa = PBXFileReference; lastKnownFileType = sourcecode.swift; path = TaskListViewController.swift; sourceTree = "<group>"; };
		78230626282EACE300271289 /* Base */ = {isa = PBXFileReference; lastKnownFileType = file.storyboard; name = Base; path = Base.lproj/Main.storyboard; sourceTree = "<group>"; };
		78230629282EACE300271289 /* Tasks_CoreData.xcdatamodel */ = {isa = PBXFileReference; lastKnownFileType = wrapper.xcdatamodel; path = Tasks_CoreData.xcdatamodel; sourceTree = "<group>"; };
		7823062B282EACE500271289 /* Assets.xcassets */ = {isa = PBXFileReference; lastKnownFileType = folder.assetcatalog; path = Assets.xcassets; sourceTree = "<group>"; };
		7823062E282EACE500271289 /* Base */ = {isa = PBXFileReference; lastKnownFileType = file.storyboard; name = Base; path = Base.lproj/LaunchScreen.storyboard; sourceTree = "<group>"; };
		78230630282EACE500271289 /* Info.plist */ = {isa = PBXFileReference; lastKnownFileType = text.plist.xml; path = Info.plist; sourceTree = "<group>"; };
		7823063C282EB17400271289 /* TaskList+convenience.swift */ = {isa = PBXFileReference; lastKnownFileType = sourcecode.swift; path = "TaskList+convenience.swift"; sourceTree = "<group>"; };
		7823063E282EB18C00271289 /* Task+convenience.swift */ = {isa = PBXFileReference; lastKnownFileType = sourcecode.swift; path = "Task+convenience.swift"; sourceTree = "<group>"; };
		78230640282EB20E00271289 /* CoreDataStack.swift */ = {isa = PBXFileReference; lastKnownFileType = sourcecode.swift; path = CoreDataStack.swift; sourceTree = "<group>"; };
		78230642282EB50D00271289 /* TaskListModelController.swift */ = {isa = PBXFileReference; lastKnownFileType = sourcecode.swift; path = TaskListModelController.swift; sourceTree = "<group>"; };
		78230644282EB7B800271289 /* TaskModelController.swift */ = {isa = PBXFileReference; lastKnownFileType = sourcecode.swift; path = TaskModelController.swift; sourceTree = "<group>"; };
		782306462831AC4700271289 /* TaksListTableViewCell.swift */ = {isa = PBXFileReference; lastKnownFileType = sourcecode.swift; path = TaksListTableViewCell.swift; sourceTree = "<group>"; };
		782306472831AC4700271289 /* TaksListTableViewCell.xib */ = {isa = PBXFileReference; lastKnownFileType = file.xib; path = TaksListTableViewCell.xib; sourceTree = "<group>"; };
		7823064C2831C29B00271289 /* ColorSelectorView.swift */ = {isa = PBXFileReference; lastKnownFileType = sourcecode.swift; path = ColorSelectorView.swift; sourceTree = "<group>"; };
		7823064F2831C4CD00271289 /* UIViewExtension.swift */ = {isa = PBXFileReference; lastKnownFileType = sourcecode.swift; path = UIViewExtension.swift; sourceTree = "<group>"; };
		7823065128333E1200271289 /* StringConstants.swift */ = {isa = PBXFileReference; lastKnownFileType = sourcecode.swift; path = StringConstants.swift; sourceTree = "<group>"; };
		7823065328347DB300271289 /* IconSelectorView.swift */ = {isa = PBXFileReference; lastKnownFileType = sourcecode.swift; path = IconSelectorView.swift; sourceTree = "<group>"; };
		782306552834831E00271289 /* ListDetailsViewController.swift */ = {isa = PBXFileReference; lastKnownFileType = sourcecode.swift; path = ListDetailsViewController.swift; sourceTree = "<group>"; };
		782306572835CADB00271289 /* UIColorExtension.swift */ = {isa = PBXFileReference; lastKnownFileType = sourcecode.swift; path = UIColorExtension.swift; sourceTree = "<group>"; };
/* End PBXFileReference section */

/* Begin PBXFrameworksBuildPhase section */
		78230619282EACE200271289 /* Frameworks */ = {
			isa = PBXFrameworksBuildPhase;
			buildActionMask = 2147483647;
			files = (
			);
			runOnlyForDeploymentPostprocessing = 0;
		};
/* End PBXFrameworksBuildPhase section */

/* Begin PBXGroup section */
		78230613282EACE200271289 = {
			isa = PBXGroup;
			children = (
				7823061E282EACE200271289 /* Tasks-CoreData */,
				7823061D282EACE200271289 /* Products */,
			);
			sourceTree = "<group>";
		};
		7823061D282EACE200271289 /* Products */ = {
			isa = PBXGroup;
			children = (
				7823061C282EACE200271289 /* Tasks-CoreData.app */,
			);
			name = Products;
			sourceTree = "<group>";
		};
		7823061E282EACE200271289 /* Tasks-CoreData */ = {
			isa = PBXGroup;
			children = (
				7823064E2831C4A400271289 /* extensions */,
				7823063B282EAEDF00271289 /* modelControllers */,
				78230638282EAD3700271289 /* models */,
				78230639282EAEBA00271289 /* viewControllers */,
				78230637282EAD1C00271289 /* views */,
				78230636282EACFC00271289 /* resources */,
			);
			path = "Tasks-CoreData";
			sourceTree = "<group>";
		};
		78230636282EACFC00271289 /* resources */ = {
			isa = PBXGroup;
			children = (
				7823061F282EACE200271289 /* AppDelegate.swift */,
				78230621282EACE200271289 /* SceneDelegate.swift */,
				7823062B282EACE500271289 /* Assets.xcassets */,
				78230630282EACE500271289 /* Info.plist */,
				7823065128333E1200271289 /* StringConstants.swift */,
			);
			path = resources;
			sourceTree = "<group>";
		};
		78230637282EAD1C00271289 /* views */ = {
			isa = PBXGroup;
			children = (
				7823064B2831C27800271289 /* cutomViews */,
				7823064A2831B10900271289 /* customCells */,
				78230625282EACE300271289 /* Main.storyboard */,
				7823062D282EACE500271289 /* LaunchScreen.storyboard */,
			);
			path = views;
			sourceTree = "<group>";
		};
		78230638282EAD3700271289 /* models */ = {
			isa = PBXGroup;
			children = (
				78230628282EACE300271289 /* Tasks_CoreData.xcdatamodeld */,
				7823063C282EB17400271289 /* TaskList+convenience.swift */,
				7823063E282EB18C00271289 /* Task+convenience.swift */,
				78230640282EB20E00271289 /* CoreDataStack.swift */,
			);
			path = models;
			sourceTree = "<group>";
		};
		78230639282EAEBA00271289 /* viewControllers */ = {
			isa = PBXGroup;
			children = (
				78230623282EACE200271289 /* TaskListViewController.swift */,
				782306552834831E00271289 /* ListDetailsViewController.swift */,
			);
			path = viewControllers;
			sourceTree = "<group>";
		};
		7823063B282EAEDF00271289 /* modelControllers */ = {
			isa = PBXGroup;
			children = (
				78230642282EB50D00271289 /* TaskListModelController.swift */,
				78230644282EB7B800271289 /* TaskModelController.swift */,
			);
			path = modelControllers;
			sourceTree = "<group>";
		};
		7823064A2831B10900271289 /* customCells */ = {
			isa = PBXGroup;
			children = (
				782306462831AC4700271289 /* TaksListTableViewCell.swift */,
				782306472831AC4700271289 /* TaksListTableViewCell.xib */,
			);
			path = customCells;
			sourceTree = "<group>";
		};
		7823064B2831C27800271289 /* cutomViews */ = {
			isa = PBXGroup;
			children = (
				7823064C2831C29B00271289 /* ColorSelectorView.swift */,
				7823065328347DB300271289 /* IconSelectorView.swift */,
			);
			path = cutomViews;
			sourceTree = "<group>";
		};
		7823064E2831C4A400271289 /* extensions */ = {
			isa = PBXGroup;
			children = (
				7823064F2831C4CD00271289 /* UIViewExtension.swift */,
				782306572835CADB00271289 /* UIColorExtension.swift */,
			);
			path = extensions;
			sourceTree = "<group>";
		};
/* End PBXGroup section */

/* Begin PBXNativeTarget section */
		7823061B282EACE200271289 /* Tasks-CoreData */ = {
			isa = PBXNativeTarget;
			buildConfigurationList = 78230633282EACE500271289 /* Build configuration list for PBXNativeTarget "Tasks-CoreData" */;
			buildPhases = (
				78230618282EACE200271289 /* Sources */,
				78230619282EACE200271289 /* Frameworks */,
				7823061A282EACE200271289 /* Resources */,
			);
			buildRules = (
			);
			dependencies = (
			);
			name = "Tasks-CoreData";
			productName = "Tasks-CoreData";
			productReference = 7823061C282EACE200271289 /* Tasks-CoreData.app */;
			productType = "com.apple.product-type.application";
		};
/* End PBXNativeTarget section */

/* Begin PBXProject section */
		78230614282EACE200271289 /* Project object */ = {
			isa = PBXProject;
			attributes = {
				BuildIndependentTargetsInParallel = 1;
				LastSwiftUpdateCheck = 1330;
				LastUpgradeCheck = 1330;
				TargetAttributes = {
					7823061B282EACE200271289 = {
						CreatedOnToolsVersion = 13.3;
					};
				};
			};
			buildConfigurationList = 78230617282EACE200271289 /* Build configuration list for PBXProject "Tasks-CoreData" */;
			compatibilityVersion = "Xcode 13.0";
			developmentRegion = en;
			hasScannedForEncodings = 0;
			knownRegions = (
				en,
				Base,
			);
			mainGroup = 78230613282EACE200271289;
			productRefGroup = 7823061D282EACE200271289 /* Products */;
			projectDirPath = "";
			projectRoot = "";
			targets = (
				7823061B282EACE200271289 /* Tasks-CoreData */,
			);
		};
/* End PBXProject section */

/* Begin PBXResourcesBuildPhase section */
		7823061A282EACE200271289 /* Resources */ = {
			isa = PBXResourcesBuildPhase;
			buildActionMask = 2147483647;
			files = (
				782306492831AC4700271289 /* TaksListTableViewCell.xib in Resources */,
				7823062F282EACE500271289 /* LaunchScreen.storyboard in Resources */,
				7823062C282EACE500271289 /* Assets.xcassets in Resources */,
				78230627282EACE300271289 /* Main.storyboard in Resources */,
			);
			runOnlyForDeploymentPostprocessing = 0;
		};
/* End PBXResourcesBuildPhase section */

/* Begin PBXSourcesBuildPhase section */
		78230618282EACE200271289 /* Sources */ = {
			isa = PBXSourcesBuildPhase;
			buildActionMask = 2147483647;
			files = (
				7823065428347DB300271289 /* IconSelectorView.swift in Sources */,
				78230641282EB20E00271289 /* CoreDataStack.swift in Sources */,
				7823065228333E1200271289 /* StringConstants.swift in Sources */,
				7823063F282EB18C00271289 /* Task+convenience.swift in Sources */,
				78230624282EACE300271289 /* TaskListViewController.swift in Sources */,
				7823064D2831C29B00271289 /* ColorSelectorView.swift in Sources */,
				7823063D282EB17400271289 /* TaskList+convenience.swift in Sources */,
				78230643282EB50D00271289 /* TaskListModelController.swift in Sources */,
				782306502831C4CD00271289 /* UIViewExtension.swift in Sources */,
				782306562834831F00271289 /* ListDetailsViewController.swift in Sources */,
				78230620282EACE200271289 /* AppDelegate.swift in Sources */,
				782306582835CADB00271289 /* UIColorExtension.swift in Sources */,
				782306482831AC4700271289 /* TaksListTableViewCell.swift in Sources */,
				78230622282EACE200271289 /* SceneDelegate.swift in Sources */,
				78230645282EB7B800271289 /* TaskModelController.swift in Sources */,
				7823062A282EACE300271289 /* Tasks_CoreData.xcdatamodeld in Sources */,
			);
			runOnlyForDeploymentPostprocessing = 0;
		};
/* End PBXSourcesBuildPhase section */

/* Begin PBXVariantGroup section */
		78230625282EACE300271289 /* Main.storyboard */ = {
			isa = PBXVariantGroup;
			children = (
				78230626282EACE300271289 /* Base */,
			);
			name = Main.storyboard;
			sourceTree = "<group>";
		};
		7823062D282EACE500271289 /* LaunchScreen.storyboard */ = {
			isa = PBXVariantGroup;
			children = (
				7823062E282EACE500271289 /* Base */,
			);
			name = LaunchScreen.storyboard;
			sourceTree = "<group>";
		};
/* End PBXVariantGroup section */

/* Begin XCBuildConfiguration section */
		78230631282EACE500271289 /* Debug */ = {
			isa = XCBuildConfiguration;
			buildSettings = {
				ALWAYS_SEARCH_USER_PATHS = NO;
				CLANG_ANALYZER_NONNULL = YES;
				CLANG_ANALYZER_NUMBER_OBJECT_CONVERSION = YES_AGGRESSIVE;
				CLANG_CXX_LANGUAGE_STANDARD = "gnu++17";
				CLANG_ENABLE_MODULES = YES;
				CLANG_ENABLE_OBJC_ARC = YES;
				CLANG_ENABLE_OBJC_WEAK = YES;
				CLANG_WARN_BLOCK_CAPTURE_AUTORELEASING = YES;
				CLANG_WARN_BOOL_CONVERSION = YES;
				CLANG_WARN_COMMA = YES;
				CLANG_WARN_CONSTANT_CONVERSION = YES;
				CLANG_WARN_DEPRECATED_OBJC_IMPLEMENTATIONS = YES;
				CLANG_WARN_DIRECT_OBJC_ISA_USAGE = YES_ERROR;
				CLANG_WARN_DOCUMENTATION_COMMENTS = YES;
				CLANG_WARN_EMPTY_BODY = YES;
				CLANG_WARN_ENUM_CONVERSION = YES;
				CLANG_WARN_INFINITE_RECURSION = YES;
				CLANG_WARN_INT_CONVERSION = YES;
				CLANG_WARN_NON_LITERAL_NULL_CONVERSION = YES;
				CLANG_WARN_OBJC_IMPLICIT_RETAIN_SELF = YES;
				CLANG_WARN_OBJC_LITERAL_CONVERSION = YES;
				CLANG_WARN_OBJC_ROOT_CLASS = YES_ERROR;
				CLANG_WARN_QUOTED_INCLUDE_IN_FRAMEWORK_HEADER = YES;
				CLANG_WARN_RANGE_LOOP_ANALYSIS = YES;
				CLANG_WARN_STRICT_PROTOTYPES = YES;
				CLANG_WARN_SUSPICIOUS_MOVE = YES;
				CLANG_WARN_UNGUARDED_AVAILABILITY = YES_AGGRESSIVE;
				CLANG_WARN_UNREACHABLE_CODE = YES;
				CLANG_WARN__DUPLICATE_METHOD_MATCH = YES;
				COPY_PHASE_STRIP = NO;
				DEBUG_INFORMATION_FORMAT = dwarf;
				ENABLE_STRICT_OBJC_MSGSEND = YES;
				ENABLE_TESTABILITY = YES;
				GCC_C_LANGUAGE_STANDARD = gnu11;
				GCC_DYNAMIC_NO_PIC = NO;
				GCC_NO_COMMON_BLOCKS = YES;
				GCC_OPTIMIZATION_LEVEL = 0;
				GCC_PREPROCESSOR_DEFINITIONS = (
					"DEBUG=1",
					"$(inherited)",
				);
				GCC_WARN_64_TO_32_BIT_CONVERSION = YES;
				GCC_WARN_ABOUT_RETURN_TYPE = YES_ERROR;
				GCC_WARN_UNDECLARED_SELECTOR = YES;
				GCC_WARN_UNINITIALIZED_AUTOS = YES_AGGRESSIVE;
				GCC_WARN_UNUSED_FUNCTION = YES;
				GCC_WARN_UNUSED_VARIABLE = YES;
				IPHONEOS_DEPLOYMENT_TARGET = 15.4;
				MTL_ENABLE_DEBUG_INFO = INCLUDE_SOURCE;
				MTL_FAST_MATH = YES;
				ONLY_ACTIVE_ARCH = YES;
				SDKROOT = iphoneos;
				SWIFT_ACTIVE_COMPILATION_CONDITIONS = DEBUG;
				SWIFT_OPTIMIZATION_LEVEL = "-Onone";
			};
			name = Debug;
		};
		78230632282EACE500271289 /* Release */ = {
			isa = XCBuildConfiguration;
			buildSettings = {
				ALWAYS_SEARCH_USER_PATHS = NO;
				CLANG_ANALYZER_NONNULL = YES;
				CLANG_ANALYZER_NUMBER_OBJECT_CONVERSION = YES_AGGRESSIVE;
				CLANG_CXX_LANGUAGE_STANDARD = "gnu++17";
				CLANG_ENABLE_MODULES = YES;
				CLANG_ENABLE_OBJC_ARC = YES;
				CLANG_ENABLE_OBJC_WEAK = YES;
				CLANG_WARN_BLOCK_CAPTURE_AUTORELEASING = YES;
				CLANG_WARN_BOOL_CONVERSION = YES;
				CLANG_WARN_COMMA = YES;
				CLANG_WARN_CONSTANT_CONVERSION = YES;
				CLANG_WARN_DEPRECATED_OBJC_IMPLEMENTATIONS = YES;
				CLANG_WARN_DIRECT_OBJC_ISA_USAGE = YES_ERROR;
				CLANG_WARN_DOCUMENTATION_COMMENTS = YES;
				CLANG_WARN_EMPTY_BODY = YES;
				CLANG_WARN_ENUM_CONVERSION = YES;
				CLANG_WARN_INFINITE_RECURSION = YES;
				CLANG_WARN_INT_CONVERSION = YES;
				CLANG_WARN_NON_LITERAL_NULL_CONVERSION = YES;
				CLANG_WARN_OBJC_IMPLICIT_RETAIN_SELF = YES;
				CLANG_WARN_OBJC_LITERAL_CONVERSION = YES;
				CLANG_WARN_OBJC_ROOT_CLASS = YES_ERROR;
				CLANG_WARN_QUOTED_INCLUDE_IN_FRAMEWORK_HEADER = YES;
				CLANG_WARN_RANGE_LOOP_ANALYSIS = YES;
				CLANG_WARN_STRICT_PROTOTYPES = YES;
				CLANG_WARN_SUSPICIOUS_MOVE = YES;
				CLANG_WARN_UNGUARDED_AVAILABILITY = YES_AGGRESSIVE;
				CLANG_WARN_UNREACHABLE_CODE = YES;
				CLANG_WARN__DUPLICATE_METHOD_MATCH = YES;
				COPY_PHASE_STRIP = NO;
				DEBUG_INFORMATION_FORMAT = "dwarf-with-dsym";
				ENABLE_NS_ASSERTIONS = NO;
				ENABLE_STRICT_OBJC_MSGSEND = YES;
				GCC_C_LANGUAGE_STANDARD = gnu11;
				GCC_NO_COMMON_BLOCKS = YES;
				GCC_WARN_64_TO_32_BIT_CONVERSION = YES;
				GCC_WARN_ABOUT_RETURN_TYPE = YES_ERROR;
				GCC_WARN_UNDECLARED_SELECTOR = YES;
				GCC_WARN_UNINITIALIZED_AUTOS = YES_AGGRESSIVE;
				GCC_WARN_UNUSED_FUNCTION = YES;
				GCC_WARN_UNUSED_VARIABLE = YES;
				IPHONEOS_DEPLOYMENT_TARGET = 15.4;
				MTL_ENABLE_DEBUG_INFO = NO;
				MTL_FAST_MATH = YES;
				SDKROOT = iphoneos;
				SWIFT_COMPILATION_MODE = wholemodule;
				SWIFT_OPTIMIZATION_LEVEL = "-O";
				VALIDATE_PRODUCT = YES;
			};
			name = Release;
		};
		78230634282EACE500271289 /* Debug */ = {
			isa = XCBuildConfiguration;
			buildSettings = {
				ASSETCATALOG_COMPILER_APPICON_NAME = AppIcon;
				ASSETCATALOG_COMPILER_GLOBAL_ACCENT_COLOR_NAME = AccentColor;
				CODE_SIGN_STYLE = Automatic;
				CURRENT_PROJECT_VERSION = 1;
				DEVELOPMENT_TEAM = N3KDZAU7GS;
				GENERATE_INFOPLIST_FILE = YES;
				INFOPLIST_FILE = "Tasks-CoreData/resources/Info.plist";
				INFOPLIST_KEY_UIApplicationSupportsIndirectInputEvents = YES;
				INFOPLIST_KEY_UILaunchStoryboardName = LaunchScreen;
				INFOPLIST_KEY_UIMainStoryboardFile = Main;
				INFOPLIST_KEY_UISupportedInterfaceOrientations_iPad = "UIInterfaceOrientationPortrait UIInterfaceOrientationPortraitUpsideDown UIInterfaceOrientationLandscapeLeft UIInterfaceOrientationLandscapeRight";
				INFOPLIST_KEY_UISupportedInterfaceOrientations_iPhone = "UIInterfaceOrientationPortrait UIInterfaceOrientationLandscapeLeft UIInterfaceOrientationLandscapeRight";
				LD_RUNPATH_SEARCH_PATHS = (
					"$(inherited)",
					"@executable_path/Frameworks",
				);
				MARKETING_VERSION = 1.0;
				PRODUCT_BUNDLE_IDENTIFIER = "costa.thiago.com.Tasks-CoreData";
				PRODUCT_NAME = "$(TARGET_NAME)";
				SWIFT_EMIT_LOC_STRINGS = YES;
				SWIFT_VERSION = 5.0;
				TARGETED_DEVICE_FAMILY = "1,2";
			};
			name = Debug;
		};
		78230635282EACE500271289 /* Release */ = {
			isa = XCBuildConfiguration;
			buildSettings = {
				ASSETCATALOG_COMPILER_APPICON_NAME = AppIcon;
				ASSETCATALOG_COMPILER_GLOBAL_ACCENT_COLOR_NAME = AccentColor;
				CODE_SIGN_STYLE = Automatic;
				CURRENT_PROJECT_VERSION = 1;
				DEVELOPMENT_TEAM = N3KDZAU7GS;
				GENERATE_INFOPLIST_FILE = YES;
				INFOPLIST_FILE = "Tasks-CoreData/resources/Info.plist";
				INFOPLIST_KEY_UIApplicationSupportsIndirectInputEvents = YES;
				INFOPLIST_KEY_UILaunchStoryboardName = LaunchScreen;
				INFOPLIST_KEY_UIMainStoryboardFile = Main;
				INFOPLIST_KEY_UISupportedInterfaceOrientations_iPad = "UIInterfaceOrientationPortrait UIInterfaceOrientationPortraitUpsideDown UIInterfaceOrientationLandscapeLeft UIInterfaceOrientationLandscapeRight";
				INFOPLIST_KEY_UISupportedInterfaceOrientations_iPhone = "UIInterfaceOrientationPortrait UIInterfaceOrientationLandscapeLeft UIInterfaceOrientationLandscapeRight";
				LD_RUNPATH_SEARCH_PATHS = (
					"$(inherited)",
					"@executable_path/Frameworks",
				);
				MARKETING_VERSION = 1.0;
				PRODUCT_BUNDLE_IDENTIFIER = "costa.thiago.com.Tasks-CoreData";
				PRODUCT_NAME = "$(TARGET_NAME)";
				SWIFT_EMIT_LOC_STRINGS = YES;
				SWIFT_VERSION = 5.0;
				TARGETED_DEVICE_FAMILY = "1,2";
			};
			name = Release;
		};
/* End XCBuildConfiguration section */

/* Begin XCConfigurationList section */
		78230617282EACE200271289 /* Build configuration list for PBXProject "Tasks-CoreData" */ = {
			isa = XCConfigurationList;
			buildConfigurations = (
				78230631282EACE500271289 /* Debug */,
				78230632282EACE500271289 /* Release */,
			);
			defaultConfigurationIsVisible = 0;
			defaultConfigurationName = Release;
		};
		78230633282EACE500271289 /* Build configuration list for PBXNativeTarget "Tasks-CoreData" */ = {
			isa = XCConfigurationList;
			buildConfigurations = (
				78230634282EACE500271289 /* Debug */,
				78230635282EACE500271289 /* Release */,
			);
			defaultConfigurationIsVisible = 0;
			defaultConfigurationName = Release;
		};
/* End XCConfigurationList section */

/* Begin XCVersionGroup section */
		78230628282EACE300271289 /* Tasks_CoreData.xcdatamodeld */ = {
			isa = XCVersionGroup;
			children = (
				78230629282EACE300271289 /* Tasks_CoreData.xcdatamodel */,
			);
			currentVersion = 78230629282EACE300271289 /* Tasks_CoreData.xcdatamodel */;
			path = Tasks_CoreData.xcdatamodeld;
			sourceTree = "<group>";
			versionGroupType = wrapper.xcdatamodel;
		};
/* End XCVersionGroup section */
	};
	rootObject = 78230614282EACE200271289 /* Project object */;
}
